{
  "lockfile_version": "1",
  "packages": {
    "python@3.10": {
      "last_modified": "2024-08-31T10:12:23Z",
      "plugin_version": "0.0.3",
      "resolved": "github:NixOS/nixpkgs/5629520edecb69630a3f4d17d3d33fc96c13f6fe#python310",
      "source": "devbox-search",
      "version": "3.10.14",
      "systems": {
        "aarch64-darwin": {
          "outputs": [
            {
              "name": "out",
              "path": "/nix/store/fy7rfahwg5nzb5cds2v9lzywic4qd00x-python3-3.10.14",
              "default": true
            }
          ],
          "store_path": "/nix/store/fy7rfahwg5nzb5cds2v9lzywic4qd00x-python3-3.10.14"
        },
        "aarch64-linux": {
          "outputs": [
            {
              "name": "out",
              "path": "/nix/store/ffh1a33dmlncrggp1n6fylzmixfc69x6-python3-3.10.14",
              "default": true
            },
            {
              "name": "debug",
              "path": "/nix/store/4vg1c6wvl7ywvm9xj5hzh5xjbj3km7r0-python3-3.10.14-debug"
            }
          ],
          "store_path": "/nix/store/ffh1a33dmlncrggp1n6fylzmixfc69x6-python3-3.10.14"
        },
        "x86_64-darwin": {
          "outputs": [
            {
              "name": "out",
              "path": "/nix/store/ydd1as0pzz7kpyb9sbxaszmxqzan9b0z-python3-3.10.14",
              "default": true
            }
          ],
          "store_path": "/nix/store/ydd1as0pzz7kpyb9sbxaszmxqzan9b0z-python3-3.10.14"
        },
        "x86_64-linux": {
          "outputs": [
            {
              "name": "out",
              "path": "/nix/store/c2xh9a8xdhszmyhg9jqgrwxzp83jmv46-python3-3.10.14",
              "default": true
            },
            {
              "name": "debug",
              "path": "/nix/store/44dykv6zq7jw168di0qbrs1nsbq56pri-python3-3.10.14-debug"
            }
          ],
          "store_path": "/nix/store/c2xh9a8xdhszmyhg9jqgrwxzp83jmv46-python3-3.10.14"
        }
      }
    }
  }
}
