{
  "lockfile_version": "1",
  "packages": {
    "jq": {
      "resolved": "github:NixOS/nixpkgs/75a52265bda7fd25e06e3a67dee3f0354e73243c#jq",
      "source": "nixpkg"
    },
    "powershell@latest": {
      "last_modified": "2024-08-31T10:12:23Z",
      "resolved": "github:NixOS/nixpkgs/5629520edecb69630a3f4d17d3d33fc96c13f6fe#powershell",
      "source": "devbox-search",
      "version": "7.4.5",
      "systems": {
        "aarch64-darwin": {
          "outputs": [
            {
              "name": "out",
              "path": "/nix/store/i0znj8dl7yvsi1n6rbmr4m40bhr2d0ya-powershell-7.4.5",
              "default": true
            }
          ],
          "store_path": "/nix/store/i0znj8dl7yvsi1n6rbmr4m40bhr2d0ya-powershell-7.4.5"
        },
        "aarch64-linux": {
          "outputs": [
            {
              "name": "out",
              "path": "/nix/store/73brk18dsf5n4xavn9nri5aqraxm8bmk-powershell-7.4.5",
              "default": true
            }
          ],
          "store_path": "/nix/store/73brk18dsf5n4xavn9nri5aqraxm8bmk-powershell-7.4.5"
        },
        "x86_64-darwin": {
          "outputs": [
            {
              "name": "out",
              "path": "/nix/store/2dhb33hmviam07nw848m84zls0k56hcp-powershell-7.4.5",
              "default": true
            }
          ],
          "store_path": "/nix/store/2dhb33hmviam07nw848m84zls0k56hcp-powershell-7.4.5"
        },
        "x86_64-linux": {
          "outputs": [
            {
              "name": "out",
              "path": "/nix/store/6rp4mn9f5ggvf0i4lxrmj16jrabfhm9q-powershell-7.4.5",
              "default": true
            }
          ],
          "store_path": "/nix/store/6rp4mn9f5ggvf0i4lxrmj16jrabfhm9q-powershell-7.4.5"
        }
      }
    }
  }
}
